
Microsoft Visual Studio Solution File, Format Version 12.00
# Visual Studio 15
VisualStudioVersion = 15.0.28307.106
MinimumVisualStudioVersion = 10.0.40219.1
Project("{9A19103F-16F7-4668-BE54-9A1E7A4F7556}") = "projContext", "projContext\projContext.csproj", "{C585D3B4-DB42-4B3F-A1F0-F199481DE1B2}"
EndProject
Project("{9A19103F-16F7-4668-BE54-9A1E7A4F7556}") = "projAPI", "projAPI\projAPI.csproj", "{E13DACF7-8A26-46C1-B460-916FFA6717E9}"
EndProject
Project("{9A19103F-16F7-4668-BE54-9A1E7A4F7556}") = "projDesign", "projDesign\projDesign.csproj", "{9F1E52D0-E698-484B-B554-A13AE75D60E1}"
EndProject
Project("{9A19103F-16F7-4668-BE54-9A1E7A4F7556}") = "projLicensing", "projLicensing\projLicensing.csproj", "{F9E1227C-1CA7-48FE-9EE6-35040236E292}"
EndProject
Global
	GlobalSection(SolutionConfigurationPlatforms) = preSolution
		Debug|Any CPU = Debug|Any CPU
		Release|Any CPU = Release|Any CPU
	EndGlobalSection
	GlobalSection(ProjectConfigurationPlatforms) = postSolution
		{C585D3B4-DB42-4B3F-A1F0-F199481DE1B2}.Debug|Any CPU.ActiveCfg = Debug|Any CPU
		{C585D3B4-DB42-4B3F-A1F0-F199481DE1B2}.Debug|Any CPU.Build.0 = Debug|Any CPU
		{C585D3B4-DB42-4B3F-A1F0-F199481DE1B2}.Release|Any CPU.ActiveCfg = Release|Any CPU
		{C585D3B4-DB42-4B3F-A1F0-F199481DE1B2}.Release|Any CPU.Build.0 = Release|Any CPU
		{E13DACF7-8A26-46C1-B460-916FFA6717E9}.Debug|Any CPU.ActiveCfg = Debug|Any CPU
		{E13DACF7-8A26-46C1-B460-916FFA6717E9}.Debug|Any CPU.Build.0 = Debug|Any CPU
		{E13DACF7-8A26-46C1-B460-916FFA6717E9}.Release|Any CPU.ActiveCfg = Release|Any CPU
		{E13DACF7-8A26-46C1-B460-916FFA6717E9}.Release|Any CPU.Build.0 = Release|Any CPU
		{9F1E52D0-E698-484B-B554-A13AE75D60E1}.Debug|Any CPU.ActiveCfg = Debug|Any CPU
		{9F1E52D0-E698-484B-B554-A13AE75D60E1}.Debug|Any CPU.Build.0 = Debug|Any CPU
		{9F1E52D0-E698-484B-B554-A13AE75D60E1}.Release|Any CPU.ActiveCfg = Release|Any CPU
		{9F1E52D0-E698-484B-B554-A13AE75D60E1}.Release|Any CPU.Build.0 = Release|Any CPU
		{F9E1227C-1CA7-48FE-9EE6-35040236E292}.Debug|Any CPU.ActiveCfg = Debug|Any CPU
		{F9E1227C-1CA7-48FE-9EE6-35040236E292}.Debug|Any CPU.Build.0 = Debug|Any CPU
		{F9E1227C-1CA7-48FE-9EE6-35040236E292}.Release|Any CPU.ActiveCfg = Release|Any CPU
		{F9E1227C-1CA7-48FE-9EE6-35040236E292}.Release|Any CPU.Build.0 = Release|Any CPU
	EndGlobalSection
	GlobalSection(SolutionProperties) = preSolution
		HideSolutionNode = FALSE
	EndGlobalSection
	GlobalSection(ExtensibilityGlobals) = postSolution
		SolutionGuid = {40C550E1-1150-4B83-9CB2-E79E836F24E7}
	EndGlobalSection
	GlobalSection(TeamFoundationVersionControl) = preSolution
		SccNumberOfProjects = 5
		SccEnterpriseProvider = {4CA58AB2-18FA-4F8D-95D4-32DDF27D184C}
		SccTeamFoundationServer = http://sakshemser:8080/tfs/hrmscollection
		SccLocalPath0 = .
		SccProjectUniqueName1 = projContext\\projContext.csproj
		SccProjectName1 = projContext
		SccLocalPath1 = projContext
		SccProjectUniqueName2 = projAPI\\projAPI.csproj
		SccProjectName2 = projAPI
		SccLocalPath2 = projAPI
		SccProjectUniqueName3 = projDesign\\projDesign.csproj
		SccProjectName3 = projDesign
		SccLocalPath3 = projDesign
		SccProjectUniqueName4 = projLicensing\\projLicensing.csproj
		SccProjectName4 = projLicensing
		SccLocalPath4 = projLicensing
	EndGlobalSection
EndGlobal
